{
  "version": "4",
  "specifiers": {
    "jsr:@std/assert@1.0.7": "1.0.7",
    "jsr:@std/internal@^1.0.5": "1.0.5",
    "npm:dotenv@16.4": "16.4.5",
    "npm:dotenv@^16.4.0": "16.4.5",
    "npm:zod@3.23": "3.23.8",
    "npm:zod@^3.23.0": "3.23.8"
  },
  "jsr": {
    "@std/assert@1.0.7": {
      "integrity": "64ce9fac879e0b9f3042a89b3c3f8ccfc9c984391af19e2087513a79d73e28c3",
      "dependencies": [
        "jsr:@std/internal"
      ]
    },
    "@std/internal@1.0.5": {
      "integrity": "54a546004f769c1ac9e025abd15a76b6671ddc9687e2313b67376125650dc7ba"
    }
  },
  "npm": {
    "dotenv@16.4.5": {
      "integrity": "sha512-ZmdL2rui+eB2YwhsWzjInR8LldtZHGDoQ1ugH85ppHKwpUHL7j7rN0Ti9NCnGiQbhaZ11FpR+7ao1dNsmduNUg=="
    },
    "zod@3.23.8": {
      "integrity": "sha512-XBx9AXhXktjUqnepgTiE5flcKIYWi/rme0Eaj+5Y0lftuGBq+jyRu/md4WnuxqgP1ubdpNCsYEYPxrzVHD8d6g=="
    }
  },
  "workspace": {
    "dependencies": [
      "npm:dotenv@^16.4.0",
      "npm:zod@^3.23.0"
    ]
  }
}
